
Microsoft Visual Studio Solution File, Format Version 12.00
# Visual Studio Version 17
VisualStudioVersion = 17.10.34916.146
MinimumVisualStudioVersion = 10.0.40219.1
Project("{FAE04EC0-301F-11D3-BF4B-00C04F79EFBC}") = "HW_SP_5.3", "HW_SP_5.3.csproj", "{7EAEF748-04C0-449D-8D3E-12DABAB539AB}"
EndProject
Global
	GlobalSection(SolutionConfigurationPlatforms) = preSolution
		Debug|Any CPU = Debug|Any CPU
		Release|Any CPU = Release|Any CPU
	EndGlobalSection
	GlobalSection(ProjectConfigurationPlatforms) = postSolution
		{7EAEF748-04C0-449D-8D3E-12DABAB539AB}.Debug|Any CPU.ActiveCfg = Debug|Any CPU
		{7EAEF748-04C0-449D-8D3E-12DABAB539AB}.Debug|Any CPU.Build.0 = Debug|Any CPU
		{7EAEF748-04C0-449D-8D3E-12DABAB539AB}.Release|Any CPU.ActiveCfg = Release|Any CPU
		{7EAEF748-04C0-449D-8D3E-12DABAB539AB}.Release|Any CPU.Build.0 = Release|Any CPU
	EndGlobalSection
	GlobalSection(SolutionProperties) = preSolution
		HideSolutionNode = FALSE
	EndGlobalSection
	GlobalSection(ExtensibilityGlobals) = postSolution
		SolutionGuid = {1D08A6C0-CEC3-4935-9572-B87761860ACB}
	EndGlobalSection
EndGlobal
